{
    "_readme": [
        "This file locks the dependencies of your project to a known state",
        "Read more about it at https://getcomposer.org/doc/01-basic-usage.md#installing-dependencies",
        "This file is @generated automatically"
    ],
    "content-hash": "e6b392de3243ba4f184debe89ba7995f",
    "packages": [
        {
            "name": "nette/caching",
            "version": "v3.4.2",
            "source": {
                "type": "git",
                "url": "https://github.com/nette/caching.git",
                "reference": "31f4bc6b366e6896998bd4538b26fa88a627bf2b"
            },
            "dist": {
                "type": "zip",
                "url": "https://api.github.com/repos/nette/caching/zipball/31f4bc6b366e6896998bd4538b26fa88a627bf2b",
                "reference": "31f4bc6b366e6896998bd4538b26fa88a627bf2b",
                "shasum": ""
            },
            "require": {
                "nette/utils": "^4.0",
                "php": "8.1 - 8.5"
            },
            "conflict": {
                "latte/latte": "<3.0.12"
            },
            "require-dev": {
                "latte/latte": "^3.0.12",
                "nette/di": "^3.1 || ^4.0",
                "nette/phpstan-rules": "^1.0",
                "nette/tester": "^2.6",
                "phpstan/extension-installer": "^1.4@stable",
                "phpstan/phpstan": "^2.1.40@stable",
                "psr/simple-cache": "^2.0 || ^3.0",
                "tracy/tracy": "^2.9"
            },
            "suggest": {
                "ext-pdo_sqlite": "to use SQLiteStorage or SQLiteJournal"
            },
            "type": "library",
            "extra": {
                "branch-alias": {
                    "dev-master": "3.4-dev"
                }
            },
            "autoload": {
                "psr-4": {
                    "Nette\\": "src"
                },
                "classmap": [
                    "src/"
                ]
            },
            "notification-url": "https://packagist.org/downloads/",
            "license": [
                "BSD-3-Clause",
                "GPL-2.0-only",
                "GPL-3.0-only"
            ],
            "authors": [
                {
                    "name": "David Grudl",
                    "homepage": "https://davidgrudl.com"
                },
                {
                    "name": "Nette Community",
                    "homepage": "https://nette.org/contributors"
                }
            ],
            "description": "⏱ Nette Caching: library with easy-to-use API and many cache backends.",
            "homepage": "https://nette.org",
            "keywords": [
                "cache",
                "journal",
                "memcached",
                "nette",
                "sqlite"
            ],
            "support": {
                "issues": "https://github.com/nette/caching/issues",
                "source": "https://github.com/nette/caching/tree/v3.4.2"
            },
            "time": "2026-05-12T01:08:42+00:00"
        },
        {
            "name": "nette/database",
            "version": "v3.2.9",
            "source": {
                "type": "git",
                "url": "https://github.com/nette/database.git",
                "reference": "6fe51398fcfc7719f64b7063f99886b438527755"
            },
            "dist": {
                "type": "zip",
                "url": "https://api.github.com/repos/nette/database/zipball/6fe51398fcfc7719f64b7063f99886b438527755",
                "reference": "6fe51398fcfc7719f64b7063f99886b438527755",
                "shasum": ""
            },
            "require": {
                "ext-pdo": "*",
                "nette/caching": "^3.2",
                "nette/utils": "^4.0",
                "php": "8.1 - 8.5"
            },
            "require-dev": {
                "jetbrains/phpstorm-attributes": "^1.2",
                "mockery/mockery": "^1.6@stable",
                "nette/di": "^3.1",
                "nette/phpstan-rules": "^1.0",
                "nette/tester": "^2.6",
                "phpstan/extension-installer": "^1.4@stable",
                "phpstan/phpstan": "^2.1@stable",
                "tracy/tracy": "^2.9"
            },
            "type": "library",
            "extra": {
                "branch-alias": {
                    "dev-master": "3.2-dev"
                }
            },
            "autoload": {
                "psr-4": {
                    "Nette\\": "src"
                },
                "classmap": [
                    "src/"
                ]
            },
            "notification-url": "https://packagist.org/downloads/",
            "license": [
                "BSD-3-Clause",
                "GPL-2.0-only",
                "GPL-3.0-only"
            ],
            "authors": [
                {
                    "name": "David Grudl",
                    "homepage": "https://davidgrudl.com"
                },
                {
                    "name": "Nette Community",
                    "homepage": "https://nette.org/contributors"
                }
            ],
            "description": "💾 Nette Database: layer with a familiar PDO-like API but much more powerful. Building queries, advanced joins, drivers for MySQL, PostgreSQL, SQLite, MS SQL Server and Oracle.",
            "homepage": "https://nette.org",
            "keywords": [
                "database",
                "mssql",
                "mysql",
                "nette",
                "notorm",
                "oracle",
                "pdo",
                "postgresql",
                "queries",
                "sqlite"
            ],
            "support": {
                "issues": "https://github.com/nette/database/issues",
                "source": "https://github.com/nette/database/tree/v3.2.9"
            },
            "time": "2026-04-22T05:48:11+00:00"
        },
        {
            "name": "nette/di",
            "version": "v3.2.7",
            "source": {
                "type": "git",
                "url": "https://github.com/nette/di.git",
                "reference": "7b00ce16011f628e5861a81a2dbf74edcd4e97cd"
            },
            "dist": {
                "type": "zip",
                "url": "https://api.github.com/repos/nette/di/zipball/7b00ce16011f628e5861a81a2dbf74edcd4e97cd",
                "reference": "7b00ce16011f628e5861a81a2dbf74edcd4e97cd",
                "shasum": ""
            },
            "require": {
                "ext-ctype": "*",
                "ext-tokenizer": "*",
                "nette/neon": "^3.4",
                "nette/php-generator": "^4.1.6",
                "nette/robot-loader": "^4.0",
                "nette/schema": "^1.2.5",
                "nette/utils": "^4.0.6",
                "php": "8.1 - 8.5"
            },
            "require-dev": {
                "nette/phpstan-rules": "^1.0",
                "nette/tester": "^2.6",
                "phpstan/extension-installer": "^1.4@stable",
                "phpstan/phpstan": "^2.1@stable",
                "psr/container": "^1.1 || ^2.0",
                "tracy/tracy": "^2.9"
            },
            "type": "library",
            "extra": {
                "branch-alias": {
                    "dev-master": "3.2-dev"
                }
            },
            "autoload": {
                "psr-4": {
                    "Nette\\": "src"
                },
                "classmap": [
                    "src/"
                ]
            },
            "notification-url": "https://packagist.org/downloads/",
            "license": [
                "BSD-3-Clause",
                "GPL-2.0-only",
                "GPL-3.0-only"
            ],
            "authors": [
                {
                    "name": "David Grudl",
                    "homepage": "https://davidgrudl.com"
                },
                {
                    "name": "Nette Community",
                    "homepage": "https://nette.org/contributors"
                }
            ],
            "description": "💎 Nette Dependency Injection Container: Flexible, compiled and full-featured DIC with perfectly usable autowiring and support for all new PHP features.",
            "homepage": "https://nette.org",
            "keywords": [
                "compiled",
                "di",
                "dic",
                "factory",
                "ioc",
                "nette",
                "static"
            ],
            "support": {
                "issues": "https://github.com/nette/di/issues",
                "source": "https://github.com/nette/di/tree/v3.2.7"
            },
            "time": "2026-08-27T01:12:29+00:00"
        },
        {
            "name": "nette/neon",
            "version": "v3.4.8",
            "source": {
                "type": "git",
                "url": "https://github.com/nette/neon.git",
                "reference": "9009f99ce1396b366a88ca16c90177148352b7d3"
            },
            "dist": {
                "type": "zip",
                "url": "https://api.github.com/repos/nette/neon/zipball/9009f99ce1396b366a88ca16c90177148352b7d3",
                "reference": "9009f99ce1396b366a88ca16c90177148352b7d3",
                "shasum": ""
            },
            "require": {
                "ext-json": "*",
                "php": "8.0 - 8.5"
            },
            "require-dev": {
                "nette/tester": "^2.4",
                "phpstan/phpstan-nette": "^2.0@stable",
                "tracy/tracy": "^2.7"
            },
            "bin": [
                "bin/neon-lint"
            ],
            "type": "library",
            "extra": {
                "branch-alias": {
                    "dev-master": "3.4-dev"
                }
            },
            "autoload": {
                "psr-4": {
                    "Nette\\": "src"
                },
                "classmap": [
                    "src/"
                ]
            },
            "notification-url": "https://packagist.org/downloads/",
            "license": [
                "BSD-3-Clause",
                "GPL-2.0-only",
                "GPL-3.0-only"
            ],
            "authors": [
                {
                    "name": "David Grudl",
                    "homepage": "https://davidgrudl.com"
                },
                {
                    "name": "Nette Community",
                    "homepage": "https://nette.org/contributors"
                }
            ],
            "description": "🍸 Nette NEON: encodes and decodes NEON file format.",
            "homepage": "https://neon.nette.org",
            "keywords": [
                "export",
                "import",
                "neon",
                "nette",
                "yaml"
            ],
            "support": {
                "issues": "https://github.com/nette/neon/issues",
                "source": "https://github.com/nette/neon/tree/v3.4.8"
            },
            "time": "2026-05-11T21:34:00+00:00"
        },
        {
            "name": "nette/php-generator",
            "version": "v4.2.2",
            "source": {
                "type": "git",
                "url": "https://github.com/nette/php-generator.git",
                "reference": "0d7060926f5c3e8c488b9b9ced42d857f12a34b5"
            },
            "dist": {
                "type": "zip",
                "url": "https://api.github.com/repos/nette/php-generator/zipball/0d7060926f5c3e8c488b9b9ced42d857f12a34b5",
                "reference": "0d7060926f5c3e8c488b9b9ced42d857f12a34b5",
                "shasum": ""
            },
            "require": {
                "nette/utils": "^4.0.6",
                "php": "8.1 - 8.5"
            },
            "require-dev": {
                "jetbrains/phpstorm-attributes": "^1.2",
                "nette/phpstan-rules": "^1.0",
                "nette/tester": "^2.6",
                "nikic/php-parser": "^5.0",
                "phpstan/extension-installer": "^1.4@stable",
                "phpstan/phpstan": "^2.1.40@stable",
                "tracy/tracy": "^2.8"
            },
            "suggest": {
                "nikic/php-parser": "to use ClassType::from(withBodies: true) & ClassType::fromCode()"
            },
            "type": "library",
            "extra": {
                "branch-alias": {
                    "dev-master": "4.2-dev"
                }
            },
            "autoload": {
                "psr-4": {
                    "Nette\\": "src"
                },
                "classmap": [
                    "src/"
                ]
            },
            "notification-url": "https://packagist.org/downloads/",
            "license": [
                "BSD-3-Clause",
                "GPL-2.0-only",
                "GPL-3.0-only"
            ],
            "authors": [
                {
                    "name": "David Grudl",
                    "homepage": "https://davidgrudl.com"
                },
                {
                    "name": "Nette Community",
                    "homepage": "https://nette.org/contributors"
                }
            ],
            "description": "🐘 Nette PHP Generator: generates neat PHP code for you. Supports new PHP 8.5 features.",
            "homepage": "https://nette.org",
            "keywords": [
                "code",
                "nette",
                "php",
                "scaffolding"
            ],
            "support": {
                "issues": "https://github.com/nette/php-generator/issues",
                "source": "https://github.com/nette/php-generator/tree/v4.2.2"
            },
            "time": "2026-02-26T00:58:33+00:00"
        },
        {
            "name": "nette/robot-loader",
            "version": "v4.1.3",
            "source": {
                "type": "git",
                "url": "https://github.com/nette/robot-loader.git",
                "reference": "44dba0bbb9cb521a3fed15046d3294c85dabe516"
            },
            "dist": {
                "type": "zip",
                "url": "https://api.github.com/repos/nette/robot-loader/zipball/44dba0bbb9cb521a3fed15046d3294c85dabe516",
                "reference": "44dba0bbb9cb521a3fed15046d3294c85dabe516",
                "shasum": ""
            },
            "require": {
                "ext-tokenizer": "*",
                "nette/utils": "^4.0.6",
                "php": "8.1 - 8.5"
            },
            "require-dev": {
                "nette/phpstan-rules": "^1.0",
                "nette/tester": "^2.6",
                "phpstan/extension-installer": "^1.4@stable",
                "phpstan/phpstan": "^2.1.39@stable",
                "tracy/tracy": "^2.9"
            },
            "type": "library",
            "extra": {
                "branch-alias": {
                    "dev-master": "4.1-dev"
                }
            },
            "autoload": {
                "psr-4": {
                    "Nette\\": "src"
                },
                "classmap": [
                    "src/"
                ]
            },
            "notification-url": "https://packagist.org/downloads/",
            "license": [
                "BSD-3-Clause",
                "GPL-2.0-only",
                "GPL-3.0-only"
            ],
            "authors": [
                {
                    "name": "David Grudl",
                    "homepage": "https://davidgrudl.com"
                },
                {
                    "name": "Nette Community",
                    "homepage": "https://nette.org/contributors"
                }
            ],
            "description": "🍀 Nette RobotLoader: high performance and comfortable autoloader that will search and autoload classes within your application.",
            "homepage": "https://nette.org",
            "keywords": [
                "autoload",
                "class",
                "interface",
                "nette",
                "trait"
            ],
            "support": {
                "issues": "https://github.com/nette/robot-loader/issues",
                "source": "https://github.com/nette/robot-loader/tree/v4.1.3"
            },
            "time": "2026-08-18T10:23:46+00:00"
        },
        {
            "name": "nette/schema",
            "version": "v1.3.6",
            "source": {
                "type": "git",
                "url": "https://github.com/nette/schema.git",
                "reference": "c54350438cd6914616f790a49cb424605f421562"
            },
            "dist": {
                "type": "zip",
                "url": "https://api.github.com/repos/nette/schema/zipball/c54350438cd6914616f790a49cb424605f421562",
                "reference": "c54350438cd6914616f790a49cb424605f421562",
                "shasum": ""
            },
            "require": {
                "nette/utils": "^4.0",
                "php": "8.1 - 8.5"
            },
            "require-dev": {
                "nette/phpstan-rules": "^1.0",
                "nette/tester": "^2.6",
                "phpstan/extension-installer": "^1.4@stable",
                "phpstan/phpstan": "^2.1.39@stable",
                "tracy/tracy": "^2.8"
            },
            "type": "library",
            "extra": {
                "branch-alias": {
                    "dev-master": "1.3-dev"
                }
            },
            "autoload": {
                "psr-4": {
                    "Nette\\": "src"
                },
                "classmap": [
                    "src/"
                ]
            },
            "notification-url": "https://packagist.org/downloads/",
            "license": [
                "BSD-3-Clause",
                "GPL-2.0-only",
                "GPL-3.0-only"
            ],
            "authors": [
                {
                    "name": "David Grudl",
                    "homepage": "https://davidgrudl.com"
                },
                {
                    "name": "Nette Community",
                    "homepage": "https://nette.org/contributors"
                }
            ],
            "description": "📐 Nette Schema: validating data structures against a given Schema.",
            "homepage": "https://nette.org",
            "keywords": [
                "config",
                "nette"
            ],
            "support": {
                "issues": "https://github.com/nette/schema/issues",
                "source": "https://github.com/nette/schema/tree/v1.3.6"
            },
            "time": "2026-08-16T21:58:41+00:00"
        },
        {
            "name": "nette/utils",
            "version": "v4.1.5",
            "source": {
                "type": "git",
                "url": "https://github.com/nette/utils.git",
                "reference": "b043439dbdf954e6c28b5ea7e34b0100f83165e0"
            },
            "dist": {
                "type": "zip",
                "url": "https://api.github.com/repos/nette/utils/zipball/b043439dbdf954e6c28b5ea7e34b0100f83165e0",
                "reference": "b043439dbdf954e6c28b5ea7e34b0100f83165e0",
                "shasum": ""
            },
            "require": {
                "php": "8.2 - 8.5"
            },
            "conflict": {
                "nette/finder": "<3",
                "nette/schema": "<1.2.2"
            },
            "require-dev": {
                "jetbrains/phpstorm-attributes": "^1.2",
                "nette/phpstan-rules": "^1.0",
                "nette/tester": "^2.5",
                "phpstan/extension-installer": "^1.4@stable",
                "phpstan/phpstan": "^2.1@stable",
                "tracy/tracy": "^2.9"
            },
            "suggest": {
                "ext-gd": "to use Image",
                "ext-iconv": "to use Strings::chr(), ord() and reverse()",
                "ext-intl": "to use Strings::webalize(), toAscii(), normalize() and compare()",
                "ext-json": "to use Nette\\Utils\\Json",
                "ext-mbstring": "to use Strings::lower() etc...",
                "ext-tokenizer": "to use Nette\\Utils\\Reflection::getUseStatements()"
            },
            "type": "library",
            "extra": {
                "branch-alias": {
                    "dev-master": "4.1-dev"
                }
            },
            "autoload": {
                "psr-4": {
                    "Nette\\": "src"
                },
                "classmap": [
                    "src/"
                ]
            },
            "notification-url": "https://packagist.org/downloads/",
            "license": [
                "BSD-3-Clause",
                "GPL-2.0-only",
                "GPL-3.0-only"
            ],
            "authors": [
                {
                    "name": "David Grudl",
                    "homepage": "https://davidgrudl.com"
                },
                {
                    "name": "Nette Community",
                    "homepage": "https://nette.org/contributors"
                }
            ],
            "description": "🛠  Nette Utils: lightweight utilities for string & array manipulation, image handling, safe JSON encoding/decoding, validation, slug or strong password generating etc.",
            "homepage": "https://nette.org",
            "keywords": [
                "array",
                "core",
                "datetime",
                "images",
                "json",
                "nette",
                "paginator",
                "password",
                "slugify",
                "string",
                "unicode",
                "utf-8",
                "utility",
                "validation"
            ],
            "support": {
                "issues": "https://github.com/nette/utils/issues",
                "source": "https://github.com/nette/utils/tree/v4.1.5"
            },
            "time": "2026-07-17T23:02:45+00:00"
        }
    ],
    "packages-dev": [
        {
            "name": "nette/tester",
            "version": "v2.6.2",
            "source": {
                "type": "git",
                "url": "https://github.com/nette/tester.git",
                "reference": "aa30c13835c8cd9c65d9ced6b475edab125b5557"
            },
            "dist": {
                "type": "zip",
                "url": "https://api.github.com/repos/nette/tester/zipball/aa30c13835c8cd9c65d9ced6b475edab125b5557",
                "reference": "aa30c13835c8cd9c65d9ced6b475edab125b5557",
                "shasum": ""
            },
            "require": {
                "php": "8.0 - 8.6"
            },
            "require-dev": {
                "ext-simplexml": "*",
                "phpstan/phpstan": "^2.0@stable"
            },
            "bin": [
                "src/tester"
            ],
            "type": "library",
            "extra": {
                "branch-alias": {
                    "dev-master": "2.6-dev"
                }
            },
            "autoload": {
                "psr-4": {
                    "Tester\\": "src"
                },
                "classmap": [
                    "src/"
                ]
            },
            "notification-url": "https://packagist.org/downloads/",
            "license": [
                "BSD-3-Clause",
                "GPL-2.0-only",
                "GPL-3.0-only"
            ],
            "authors": [
                {
                    "name": "David Grudl",
                    "homepage": "https://davidgrudl.com"
                },
                {
                    "name": "Miloslav Hůla",
                    "homepage": "https://github.com/milo"
                },
                {
                    "name": "Nette Community",
                    "homepage": "https://nette.org/contributors"
                }
            ],
            "description": "Nette Tester: enjoyable unit testing in PHP with code coverage reporter. 🍏🍏🍎🍏",
            "homepage": "https://tester.nette.org",
            "keywords": [
                "Xdebug",
                "assertions",
                "clover",
                "code coverage",
                "nette",
                "pcov",
                "phpdbg",
                "phpunit",
                "testing",
                "unit"
            ],
            "support": {
                "issues": "https://github.com/nette/tester/issues",
                "source": "https://github.com/nette/tester/tree/v2.6.2"
            },
            "time": "2026-09-13T00:11:01+00:00"
        },
        {
            "name": "phpstan/phpstan",
            "version": "2.2.16",
            "dist": {
                "type": "zip",
                "url": "https://api.github.com/repos/phpstan/phpstan/zipball/46a6d9060e5a7763adfcc21ebcb8b504ebdbcb92",
                "reference": "46a6d9060e5a7763adfcc21ebcb8b504ebdbcb92",
                "shasum": ""
            },
            "require": {
                "php": "^7.4|^8.0"
            },
            "conflict": {
                "phpstan/phpstan-shim": "*"
            },
            "bin": [
                "phpstan",
                "phpstan.phar"
            ],
            "type": "library",
            "autoload": {
                "files": [
                    "bootstrap.php"
                ]
            },
            "notification-url": "https://packagist.org/downloads/",
            "license": [
                "MIT"
            ],
            "authors": [
                {
                    "name": "Ondřej Mirtes"
                },
                {
                    "name": "Markus Staab"
                },
                {
                    "name": "Vincent Langlet"
                }
            ],
            "description": "PHPStan - PHP Static Analysis Tool",
            "keywords": [
                "dev",
                "static analysis"
            ],
            "support": {
                "docs": "https://phpstan.org/user-guide/getting-started",
                "forum": "https://github.com/phpstan/phpstan/discussions",
                "issues": "https://github.com/phpstan/phpstan/issues",
                "security": "https://github.com/phpstan/phpstan/security/policy",
                "source": "https://github.com/phpstan/phpstan-src"
            },
            "funding": [
                {
                    "url": "https://github.com/ondrejmirtes",
                    "type": "github"
                },
                {
                    "url": "https://github.com/phpstan",
                    "type": "github"
                }
            ],
            "time": "2026-09-25T09:31:51+00:00"
        },
        {
            "name": "phpstan/phpstan-nette",
            "version": "2.0.12",
            "source": {
                "type": "git",
                "url": "https://github.com/phpstan/phpstan-nette.git",
                "reference": "2c104f121b9db65407112069ef4fd43799c9ba0c"
            },
            "dist": {
                "type": "zip",
                "url": "https://api.github.com/repos/phpstan/phpstan-nette/zipball/2c104f121b9db65407112069ef4fd43799c9ba0c",
                "reference": "2c104f121b9db65407112069ef4fd43799c9ba0c",
                "shasum": ""
            },
            "require": {
                "php": "^7.4 || ^8.0",
                "phpstan/phpstan": "^2.2.3"
            },
            "conflict": {
                "nette/application": "<2.3.0",
                "nette/component-model": "<2.3.0",
                "nette/di": "<2.3.0",
                "nette/forms": "<2.3.0",
                "nette/http": "<2.3.0",
                "nette/utils": "<2.3.0"
            },
            "require-dev": {
                "nette/application": "^3.0",
                "nette/di": "^3.0",
                "nette/forms": "^3.0",
                "nette/utils": "^2.3.0 || ^3.0.0 || ^4.0",
                "php-parallel-lint/php-parallel-lint": "^1.2",
                "phpstan/phpstan-deprecation-rules": "^2.0",
                "phpstan/phpstan-phpunit": "^2.0.8",
                "phpstan/phpstan-strict-rules": "^2.0",
                "phpunit/phpunit": "^9.6",
                "shipmonk/name-collision-detector": "^2.1"
            },
            "type": "phpstan-extension",
            "extra": {
                "phpstan": {
                    "includes": [
                        "extension.neon",
                        "rules.neon"
                    ]
                }
            },
            "autoload": {
                "psr-4": {
                    "PHPStan\\": "src/"
                }
            },
            "notification-url": "https://packagist.org/downloads/",
            "license": [
                "MIT"
            ],
            "description": "Nette Framework class reflection extension for PHPStan",
            "support": {
                "issues": "https://github.com/phpstan/phpstan-nette/issues",
                "source": "https://github.com/phpstan/phpstan-nette/tree/2.0.12"
            },
            "time": "2026-07-02T10:28:46+00:00"
        },
        {
            "name": "phpstan/phpstan-strict-rules",
            "version": "2.0.12",
            "source": {
                "type": "git",
                "url": "https://github.com/phpstan/phpstan-strict-rules.git",
                "reference": "2bc5ae19ae965663b62ac907ee6342c3903ec93b"
            },
            "dist": {
                "type": "zip",
                "url": "https://api.github.com/repos/phpstan/phpstan-strict-rules/zipball/2bc5ae19ae965663b62ac907ee6342c3903ec93b",
                "reference": "2bc5ae19ae965663b62ac907ee6342c3903ec93b",
                "shasum": ""
            },
            "require": {
                "php": "^7.4 || ^8.0",
                "phpstan/phpstan": "^2.1.52"
            },
            "require-dev": {
                "php-parallel-lint/php-parallel-lint": "^1.2",
                "phpstan/phpstan-deprecation-rules": "^2.0",
                "phpstan/phpstan-phpunit": "^2.0",
                "phpunit/phpunit": "^9.6",
                "shipmonk/name-collision-detector": "^2.1"
            },
            "type": "phpstan-extension",
            "extra": {
                "phpstan": {
                    "includes": [
                        "rules.neon"
                    ]
                }
            },
            "autoload": {
                "psr-4": {
                    "PHPStan\\": "src/"
                }
            },
            "notification-url": "https://packagist.org/downloads/",
            "license": [
                "MIT"
            ],
            "description": "Extra strict and opinionated rules for PHPStan",
            "keywords": [
                "static analysis"
            ],
            "support": {
                "issues": "https://github.com/phpstan/phpstan-strict-rules/issues",
                "source": "https://github.com/phpstan/phpstan-strict-rules/tree/2.0.12"
            },
            "time": "2026-07-19T07:24:06+00:00"
        },
        {
            "name": "squizlabs/php_codesniffer",
            "version": "3.13.6",
            "source": {
                "type": "git",
                "url": "https://github.com/PHPCSStandards/PHP_CodeSniffer.git",
                "reference": "4c378e1a528ea066890fc2397cbdd2f94eb2fc91"
            },
            "dist": {
                "type": "zip",
                "url": "https://api.github.com/repos/PHPCSStandards/PHP_CodeSniffer/zipball/4c378e1a528ea066890fc2397cbdd2f94eb2fc91",
                "reference": "4c378e1a528ea066890fc2397cbdd2f94eb2fc91",
                "shasum": ""
            },
            "require": {
                "ext-simplexml": "*",
                "ext-tokenizer": "*",
                "ext-xmlwriter": "*",
                "php": ">=5.4.0"
            },
            "require-dev": {
                "phpunit/phpunit": "^4.0 || ^5.0 || ^6.0 || ^7.0 || ^8.0 || ^9.3.4"
            },
            "bin": [
                "bin/phpcbf",
                "bin/phpcs"
            ],
            "type": "library",
            "notification-url": "https://packagist.org/downloads/",
            "license": [
                "BSD-3-Clause"
            ],
            "authors": [
                {
                    "name": "Greg Sherwood",
                    "role": "Former lead"
                },
                {
                    "name": "Juliette Reinders Folmer",
                    "role": "Current lead"
                },
                {
                    "name": "Contributors",
                    "homepage": "https://github.com/PHPCSStandards/PHP_CodeSniffer/graphs/contributors"
                }
            ],
            "description": "PHP_CodeSniffer tokenizes PHP, JavaScript and CSS files and detects violations of a defined set of coding standards.",
            "homepage": "https://github.com/PHPCSStandards/PHP_CodeSniffer",
            "keywords": [
                "phpcs",
                "standards",
                "static analysis"
            ],
            "support": {
                "issues": "https://github.com/PHPCSStandards/PHP_CodeSniffer/issues",
                "security": "https://github.com/PHPCSStandards/PHP_CodeSniffer/security/policy",
                "source": "https://github.com/PHPCSStandards/PHP_CodeSniffer",
                "wiki": "https://github.com/PHPCSStandards/PHP_CodeSniffer/wiki"
            },
            "funding": [
                {
                    "url": "https://github.com/PHPCSStandards",
                    "type": "github"
                },
                {
                    "url": "https://github.com/jrfnl",
                    "type": "github"
                },
                {
                    "url": "https://opencollective.com/php_codesniffer",
                    "type": "open_collective"
                },
                {
                    "url": "https://thanks.dev/u/gh/phpcsstandards",
                    "type": "thanks_dev"
                }
            ],
            "time": "2026-08-06T00:17:32+00:00"
        }
    ],
    "aliases": [],
    "minimum-stability": "stable",
    "stability-flags": {},
    "prefer-stable": false,
    "prefer-lowest": false,
    "platform": {
        "php": ">=8.5",
        "ext-pdo": "*",
        "ext-gettext": "*"
    },
    "platform-dev": {},
    "plugin-api-version": "2.9.0"
}
